
Microsoft Visual Studio Solution File, Format Version 12.00
# Visual Studio Version 17
VisualStudioVersion = 17.8.34330.188
MinimumVisualStudioVersion = 10.0.40219.1
Project("{9A19103F-16F7-4668-BE54-9A1E7A4F7556}") = "Dreamify", "Dreamify\Dreamify.csproj", "{E1715C74-53C6-4B8E-AECB-0ED3A2D77459}"
EndProject
Project("{9A19103F-16F7-4668-BE54-9A1E7A4F7556}") = "DreamifyTests", "DreamifyTests\DreamifyTests.csproj", "{36291000-5D0E-46B5-BE47-108B362915C1}"
EndProject
Project("{9A19103F-16F7-4668-BE54-9A1E7A4F7556}") = "DreamifyClient", "DreamifyClient\DreamifyClient.csproj", "{B3B7BF58-0B67-46BB-9C6E-32955E712325}"
EndProject
Global
	GlobalSection(SolutionConfigurationPlatforms) = preSolution
		Debug|Any CPU = Debug|Any CPU
		Release|Any CPU = Release|Any CPU
	EndGlobalSection
	GlobalSection(ProjectConfigurationPlatforms) = postSolution
		{E1715C74-53C6-4B8E-AECB-0ED3A2D77459}.Debug|Any CPU.ActiveCfg = Debug|Any CPU
		{E1715C74-53C6-4B8E-AECB-0ED3A2D77459}.Debug|Any CPU.Build.0 = Debug|Any CPU
		{E1715C74-53C6-4B8E-AECB-0ED3A2D77459}.Release|Any CPU.ActiveCfg = Release|Any CPU
		{E1715C74-53C6-4B8E-AECB-0ED3A2D77459}.Release|Any CPU.Build.0 = Release|Any CPU
		{36291000-5D0E-46B5-BE47-108B362915C1}.Debug|Any CPU.ActiveCfg = Debug|Any CPU
		{36291000-5D0E-46B5-BE47-108B362915C1}.Debug|Any CPU.Build.0 = Debug|Any CPU
		{36291000-5D0E-46B5-BE47-108B362915C1}.Release|Any CPU.ActiveCfg = Release|Any CPU
		{36291000-5D0E-46B5-BE47-108B362915C1}.Release|Any CPU.Build.0 = Release|Any CPU
		{B3B7BF58-0B67-46BB-9C6E-32955E712325}.Debug|Any CPU.ActiveCfg = Debug|Any CPU
		{B3B7BF58-0B67-46BB-9C6E-32955E712325}.Debug|Any CPU.Build.0 = Debug|Any CPU
		{B3B7BF58-0B67-46BB-9C6E-32955E712325}.Release|Any CPU.ActiveCfg = Release|Any CPU
		{B3B7BF58-0B67-46BB-9C6E-32955E712325}.Release|Any CPU.Build.0 = Release|Any CPU
	EndGlobalSection
	GlobalSection(SolutionProperties) = preSolution
		HideSolutionNode = FALSE
	EndGlobalSection
	GlobalSection(ExtensibilityGlobals) = postSolution
		SolutionGuid = {EA45C56C-95F4-46D9-A8B2-F9D430A2CBBE}
	EndGlobalSection
EndGlobal
